{
    "_meta": {
        "hash": {
            "sha256": "4f110cfebb2475892f8d5df39317ce407abe042848684b5e2a6df00a43a291d3"
        },
        "pipfile-spec": 6,
        "requires": {
            "python_version": "3.9"
        },
        "sources": [
            {
                "name": "pypi",
                "url": "https://pypi.org/simple",
                "verify_ssl": true
            }
        ]
    },
    "default": {
        "bidict": {
            "hashes": [
                "sha256:3ac67daa353ecf853a1df9d3e924f005e729227a60a8dbada31a4c31aba7f654",
                "sha256:42c84ffbe6f8de898af6073b4be9ea7ccedcd78d3474aa844c54e49d5a079f6f"
            ],
            "index": "pypi",
            "version": "==0.21.4"
        }
    },
    "develop": {}
}
